
Microsoft Visual Studio Solution File, Format Version 12.00
# Visual Studio Version 16
VisualStudioVersion = 16.0.30717.126
MinimumVisualStudioVersion = 10.0.40219.1
Project("{FAE04EC0-301F-11D3-BF4B-00C04F79EFBC}") = "SalaryCalculator", "SalaryCalculator\SalaryCalculator.csproj", "{0E08F889-4489-481B-BE17-B9C7DF8F46C1}"
EndProject
Global
	GlobalSection(SolutionConfigurationPlatforms) = preSolution
		Debug|Any CPU = Debug|Any CPU
		Release|Any CPU = Release|Any CPU
	EndGlobalSection
	GlobalSection(ProjectConfigurationPlatforms) = postSolution
		{0E08F889-4489-481B-BE17-B9C7DF8F46C1}.Debug|Any CPU.ActiveCfg = Debug|Any CPU
		{0E08F889-4489-481B-BE17-B9C7DF8F46C1}.Debug|Any CPU.Build.0 = Debug|Any CPU
		{0E08F889-4489-481B-BE17-B9C7DF8F46C1}.Release|Any CPU.ActiveCfg = Release|Any CPU
		{0E08F889-4489-481B-BE17-B9C7DF8F46C1}.Release|Any CPU.Build.0 = Release|Any CPU
	EndGlobalSection
	GlobalSection(SolutionProperties) = preSolution
		HideSolutionNode = FALSE
	EndGlobalSection
	GlobalSection(ExtensibilityGlobals) = postSolution
		SolutionGuid = {63795997-73AC-49E0-8F86-8139306DA3A7}
	EndGlobalSection
EndGlobal
